
Microsoft Visual Studio Solution File, Format Version 12.00
# Visual Studio Version 16
VisualStudioVersion = 16.0.28803.452
MinimumVisualStudioVersion = 10.0.40219.1
Project("{9A19103F-16F7-4668-BE54-9A1E7A4F7556}") = "Fluffy.Net", "Fluffy.Net\Fluffy.Net.csproj", "{E945D22D-E811-4AE0-B021-6D3A7F9FA55C}"
EndProject
Project("{9A19103F-16F7-4668-BE54-9A1E7A4F7556}") = "Fluffy.IO", "Fluffy.IO\Fluffy.IO.csproj", "{BD4B8F33-E100-422E-866D-779A4B38D2F8}"
EndProject
Project("{9A19103F-16F7-4668-BE54-9A1E7A4F7556}") = "Fluffy", "Fluffy\Fluffy.csproj", "{BAD50387-0819-4B30-B937-0C003D49312B}"
EndProject
Project("{2150E333-8FDC-42A3-9474-1A3956D46DE8}") = "Test", "Test", "{69282BE1-FF39-45BA-86FB-A970065F6FCC}"
EndProject
Project("{FAE04EC0-301F-11D3-BF4B-00C04F79EFBC}") = "PlayGround", "Test\PlayGround\PlayGround.csproj", "{0D9F9B8C-9729-4B49-B32A-603A6ED39383}"
EndProject
Project("{9A19103F-16F7-4668-BE54-9A1E7A4F7556}") = "Fluffy.Unsafe", "Fluffy.Unsafe\Fluffy.Unsafe.csproj", "{76A1B05C-768C-416F-952F-83B39F875ECC}"
EndProject
Project("{2150E333-8FDC-42A3-9474-1A3956D46DE8}") = ".SolutionFiles", ".SolutionFiles", "{6A7AD048-1395-4902-B090-02ABAB4E0268}"
	ProjectSection(SolutionItems) = preProject
		.gitattributes = .gitattributes
		.gitignore = .gitignore
		README.md = README.md
	EndProjectSection
EndProject
Project("{FAE04EC0-301F-11D3-BF4B-00C04F79EFBC}") = "AllInOneExample-FullFramework", "Examples\AllInOneExample-FullFramework\AllInOneExample-FullFramework.csproj", "{5FA0FB0A-C38B-4A3B-B590-87AB07B6167B}"
EndProject
Project("{2150E333-8FDC-42A3-9474-1A3956D46DE8}") = "Example", "Example", "{3966CF87-7965-441C-95E7-3EEAA62972D4}"
EndProject
Project("{FAE04EC0-301F-11D3-BF4B-00C04F79EFBC}") = "Fluffy.Tests", "Fluffy.Tests\Fluffy.Tests.csproj", "{B4C4C616-6AE9-43A9-A86D-67F589BE0039}"
EndProject
Project("{2150E333-8FDC-42A3-9474-1A3956D46DE8}") = "ChatExample", "ChatExample", "{DAA9FC23-2E62-40AE-9D03-2E9A6768670B}"
EndProject
Project("{FAE04EC0-301F-11D3-BF4B-00C04F79EFBC}") = "ChatClient", "Examples\ChatExample\ChatClient\ChatClient.csproj", "{18A9F2E9-2AF8-4FCB-9014-65A5B1C5BE22}"
EndProject
Project("{FAE04EC0-301F-11D3-BF4B-00C04F79EFBC}") = "ChatServer", "Examples\ChatExample\ChatServer\ChatServer.csproj", "{3DFA1744-309E-4684-BEAB-FA3349FFA5CB}"
EndProject
Project("{FAE04EC0-301F-11D3-BF4B-00C04F79EFBC}") = "ChatSharedComps", "Examples\ChatExample\ChatSharedComps\ChatSharedComps.csproj", "{5057EEA3-0EC6-4504-9FC5-245CD985E9C0}"
EndProject
Project("{2150E333-8FDC-42A3-9474-1A3956D46DE8}") = "StresstestExample", "StresstestExample", "{D2CB46B1-3982-4751-B55F-8E59E57C64F5}"
EndProject
Project("{FAE04EC0-301F-11D3-BF4B-00C04F79EFBC}") = "Stresstest.Client", "Examples\Stresstest\Stresstest.Client\Stresstest.Client.csproj", "{9A339C3D-011E-4DC0-A8FE-37071EE0A0A2}"
EndProject
Project("{FAE04EC0-301F-11D3-BF4B-00C04F79EFBC}") = "Stresstest.Server", "Examples\Stresstest\Stresstest.Server\Stresstest.Server.csproj", "{2F400FB2-2202-47AF-851A-8A8415550974}"
EndProject
Project("{FAE04EC0-301F-11D3-BF4B-00C04F79EFBC}") = "Stresstest.SharedComps", "Stresstest.SharedComps\Stresstest.SharedComps.csproj", "{CF2876C4-3FF4-4F09-9578-0ACC9F5DA8D8}"
EndProject
Project("{9A19103F-16F7-4668-BE54-9A1E7A4F7556}") = "Playground.Core", "Test\Playground.Core\Playground.Core.csproj", "{8A5F4AAF-4767-402C-862F-5A20DAEFF849}"
EndProject
Project("{FAE04EC0-301F-11D3-BF4B-00C04F79EFBC}") = "TestLib", "Test\TestLib\TestLib.csproj", "{BE7F8273-1D1B-4A6D-9748-35F50D025D3E}"
EndProject
Global
	GlobalSection(SolutionConfigurationPlatforms) = preSolution
		Debug|Any CPU = Debug|Any CPU
		Debug|x64 = Debug|x64
		Release|Any CPU = Release|Any CPU
		Release|x64 = Release|x64
		ReleaseBuild|Any CPU = ReleaseBuild|Any CPU
		ReleaseBuild|x64 = ReleaseBuild|x64
	EndGlobalSection
	GlobalSection(ProjectConfigurationPlatforms) = postSolution
		{E945D22D-E811-4AE0-B021-6D3A7F9FA55C}.Debug|Any CPU.ActiveCfg = Debug|Any CPU
		{E945D22D-E811-4AE0-B021-6D3A7F9FA55C}.Debug|Any CPU.Build.0 = Debug|Any CPU
		{E945D22D-E811-4AE0-B021-6D3A7F9FA55C}.Debug|x64.ActiveCfg = Debug|x64
		{E945D22D-E811-4AE0-B021-6D3A7F9FA55C}.Debug|x64.Build.0 = Debug|x64
		{E945D22D-E811-4AE0-B021-6D3A7F9FA55C}.Release|Any CPU.ActiveCfg = Release|Any CPU
		{E945D22D-E811-4AE0-B021-6D3A7F9FA55C}.Release|Any CPU.Build.0 = Release|Any CPU
		{E945D22D-E811-4AE0-B021-6D3A7F9FA55C}.Release|x64.ActiveCfg = Release|x64
		{E945D22D-E811-4AE0-B021-6D3A7F9FA55C}.Release|x64.Build.0 = Release|x64
		{E945D22D-E811-4AE0-B021-6D3A7F9FA55C}.ReleaseBuild|Any CPU.ActiveCfg = ReleaseBuild|Any CPU
		{E945D22D-E811-4AE0-B021-6D3A7F9FA55C}.ReleaseBuild|Any CPU.Build.0 = ReleaseBuild|Any CPU
		{E945D22D-E811-4AE0-B021-6D3A7F9FA55C}.ReleaseBuild|x64.ActiveCfg = ReleaseBuild|x64
		{E945D22D-E811-4AE0-B021-6D3A7F9FA55C}.ReleaseBuild|x64.Build.0 = ReleaseBuild|x64
		{BD4B8F33-E100-422E-866D-779A4B38D2F8}.Debug|Any CPU.ActiveCfg = Debug|Any CPU
		{BD4B8F33-E100-422E-866D-779A4B38D2F8}.Debug|Any CPU.Build.0 = Debug|Any CPU
		{BD4B8F33-E100-422E-866D-779A4B38D2F8}.Debug|x64.ActiveCfg = Debug|x64
		{BD4B8F33-E100-422E-866D-779A4B38D2F8}.Debug|x64.Build.0 = Debug|x64
		{BD4B8F33-E100-422E-866D-779A4B38D2F8}.Release|Any CPU.ActiveCfg = Release|Any CPU
		{BD4B8F33-E100-422E-866D-779A4B38D2F8}.Release|Any CPU.Build.0 = Release|Any CPU
		{BD4B8F33-E100-422E-866D-779A4B38D2F8}.Release|x64.ActiveCfg = Release|x64
		{BD4B8F33-E100-422E-866D-779A4B38D2F8}.Release|x64.Build.0 = Release|x64
		{BD4B8F33-E100-422E-866D-779A4B38D2F8}.ReleaseBuild|Any CPU.ActiveCfg = ReleaseBuild|Any CPU
		{BD4B8F33-E100-422E-866D-779A4B38D2F8}.ReleaseBuild|Any CPU.Build.0 = ReleaseBuild|Any CPU
		{BD4B8F33-E100-422E-866D-779A4B38D2F8}.ReleaseBuild|x64.ActiveCfg = ReleaseBuild|x64
		{BD4B8F33-E100-422E-866D-779A4B38D2F8}.ReleaseBuild|x64.Build.0 = ReleaseBuild|x64
		{BAD50387-0819-4B30-B937-0C003D49312B}.Debug|Any CPU.ActiveCfg = Debug|Any CPU
		{BAD50387-0819-4B30-B937-0C003D49312B}.Debug|Any CPU.Build.0 = Debug|Any CPU
		{BAD50387-0819-4B30-B937-0C003D49312B}.Debug|x64.ActiveCfg = Debug|x64
		{BAD50387-0819-4B30-B937-0C003D49312B}.Debug|x64.Build.0 = Debug|x64
		{BAD50387-0819-4B30-B937-0C003D49312B}.Release|Any CPU.ActiveCfg = Release|Any CPU
		{BAD50387-0819-4B30-B937-0C003D49312B}.Release|Any CPU.Build.0 = Release|Any CPU
		{BAD50387-0819-4B30-B937-0C003D49312B}.Release|x64.ActiveCfg = Release|x64
		{BAD50387-0819-4B30-B937-0C003D49312B}.Release|x64.Build.0 = Release|x64
		{BAD50387-0819-4B30-B937-0C003D49312B}.ReleaseBuild|Any CPU.ActiveCfg = ReleaseBuild|Any CPU
		{BAD50387-0819-4B30-B937-0C003D49312B}.ReleaseBuild|Any CPU.Build.0 = ReleaseBuild|Any CPU
		{BAD50387-0819-4B30-B937-0C003D49312B}.ReleaseBuild|x64.ActiveCfg = ReleaseBuild|x64
		{BAD50387-0819-4B30-B937-0C003D49312B}.ReleaseBuild|x64.Build.0 = ReleaseBuild|x64
		{0D9F9B8C-9729-4B49-B32A-603A6ED39383}.Debug|Any CPU.ActiveCfg = Debug|Any CPU
		{0D9F9B8C-9729-4B49-B32A-603A6ED39383}.Debug|Any CPU.Build.0 = Debug|Any CPU
		{0D9F9B8C-9729-4B49-B32A-603A6ED39383}.Debug|x64.ActiveCfg = Debug|x64
		{0D9F9B8C-9729-4B49-B32A-603A6ED39383}.Debug|x64.Build.0 = Debug|x64
		{0D9F9B8C-9729-4B49-B32A-603A6ED39383}.Release|Any CPU.ActiveCfg = Release|Any CPU
		{0D9F9B8C-9729-4B49-B32A-603A6ED39383}.Release|Any CPU.Build.0 = Release|Any CPU
		{0D9F9B8C-9729-4B49-B32A-603A6ED39383}.Release|x64.ActiveCfg = Release|x64
		{0D9F9B8C-9729-4B49-B32A-603A6ED39383}.Release|x64.Build.0 = Release|x64
		{0D9F9B8C-9729-4B49-B32A-603A6ED39383}.ReleaseBuild|Any CPU.ActiveCfg = ReleaseBuild|Any CPU
		{0D9F9B8C-9729-4B49-B32A-603A6ED39383}.ReleaseBuild|x64.ActiveCfg = ReleaseBuild|x64
		{0D9F9B8C-9729-4B49-B32A-603A6ED39383}.ReleaseBuild|x64.Build.0 = ReleaseBuild|x64
		{76A1B05C-768C-416F-952F-83B39F875ECC}.Debug|Any CPU.ActiveCfg = Debug|Any CPU
		{76A1B05C-768C-416F-952F-83B39F875ECC}.Debug|Any CPU.Build.0 = Debug|Any CPU
		{76A1B05C-768C-416F-952F-83B39F875ECC}.Debug|x64.ActiveCfg = Debug|x64
		{76A1B05C-768C-416F-952F-83B39F875ECC}.Debug|x64.Build.0 = Debug|x64
		{76A1B05C-768C-416F-952F-83B39F875ECC}.Release|Any CPU.ActiveCfg = Release|Any CPU
		{76A1B05C-768C-416F-952F-83B39F875ECC}.Release|Any CPU.Build.0 = Release|Any CPU
		{76A1B05C-768C-416F-952F-83B39F875ECC}.Release|x64.ActiveCfg = Release|x64
		{76A1B05C-768C-416F-952F-83B39F875ECC}.Release|x64.Build.0 = Release|x64
		{76A1B05C-768C-416F-952F-83B39F875ECC}.ReleaseBuild|Any CPU.ActiveCfg = ReleaseBuild|Any CPU
		{76A1B05C-768C-416F-952F-83B39F875ECC}.ReleaseBuild|Any CPU.Build.0 = ReleaseBuild|Any CPU
		{76A1B05C-768C-416F-952F-83B39F875ECC}.ReleaseBuild|x64.ActiveCfg = ReleaseBuild|x64
		{76A1B05C-768C-416F-952F-83B39F875ECC}.ReleaseBuild|x64.Build.0 = ReleaseBuild|x64
		{5FA0FB0A-C38B-4A3B-B590-87AB07B6167B}.Debug|Any CPU.ActiveCfg = Debug|Any CPU
		{5FA0FB0A-C38B-4A3B-B590-87AB07B6167B}.Debug|Any CPU.Build.0 = Debug|Any CPU
		{5FA0FB0A-C38B-4A3B-B590-87AB07B6167B}.Debug|x64.ActiveCfg = Debug|Any CPU
		{5FA0FB0A-C38B-4A3B-B590-87AB07B6167B}.Debug|x64.Build.0 = Debug|Any CPU
		{5FA0FB0A-C38B-4A3B-B590-87AB07B6167B}.Release|Any CPU.ActiveCfg = Release|Any CPU
		{5FA0FB0A-C38B-4A3B-B590-87AB07B6167B}.Release|Any CPU.Build.0 = Release|Any CPU
		{5FA0FB0A-C38B-4A3B-B590-87AB07B6167B}.Release|x64.ActiveCfg = Release|Any CPU
		{5FA0FB0A-C38B-4A3B-B590-87AB07B6167B}.Release|x64.Build.0 = Release|Any CPU
		{5FA0FB0A-C38B-4A3B-B590-87AB07B6167B}.ReleaseBuild|Any CPU.ActiveCfg = Release|Any CPU
		{5FA0FB0A-C38B-4A3B-B590-87AB07B6167B}.ReleaseBuild|Any CPU.Build.0 = Release|Any CPU
		{5FA0FB0A-C38B-4A3B-B590-87AB07B6167B}.ReleaseBuild|x64.ActiveCfg = Release|Any CPU
		{5FA0FB0A-C38B-4A3B-B590-87AB07B6167B}.ReleaseBuild|x64.Build.0 = Release|Any CPU
		{B4C4C616-6AE9-43A9-A86D-67F589BE0039}.Debug|Any CPU.ActiveCfg = Debug|Any CPU
		{B4C4C616-6AE9-43A9-A86D-67F589BE0039}.Debug|Any CPU.Build.0 = Debug|Any CPU
		{B4C4C616-6AE9-43A9-A86D-67F589BE0039}.Debug|x64.ActiveCfg = Debug|x64
		{B4C4C616-6AE9-43A9-A86D-67F589BE0039}.Debug|x64.Build.0 = Debug|x64
		{B4C4C616-6AE9-43A9-A86D-67F589BE0039}.Release|Any CPU.ActiveCfg = Release|Any CPU
		{B4C4C616-6AE9-43A9-A86D-67F589BE0039}.Release|Any CPU.Build.0 = Release|Any CPU
		{B4C4C616-6AE9-43A9-A86D-67F589BE0039}.Release|x64.ActiveCfg = Release|x64
		{B4C4C616-6AE9-43A9-A86D-67F589BE0039}.Release|x64.Build.0 = Release|x64
		{B4C4C616-6AE9-43A9-A86D-67F589BE0039}.ReleaseBuild|Any CPU.ActiveCfg = ReleaseBuild|Any CPU
		{B4C4C616-6AE9-43A9-A86D-67F589BE0039}.ReleaseBuild|Any CPU.Build.0 = ReleaseBuild|Any CPU
		{B4C4C616-6AE9-43A9-A86D-67F589BE0039}.ReleaseBuild|x64.ActiveCfg = ReleaseBuild|x64
		{B4C4C616-6AE9-43A9-A86D-67F589BE0039}.ReleaseBuild|x64.Build.0 = ReleaseBuild|x64
		{18A9F2E9-2AF8-4FCB-9014-65A5B1C5BE22}.Debug|Any CPU.ActiveCfg = Debug|Any CPU
		{18A9F2E9-2AF8-4FCB-9014-65A5B1C5BE22}.Debug|Any CPU.Build.0 = Debug|Any CPU
		{18A9F2E9-2AF8-4FCB-9014-65A5B1C5BE22}.Debug|x64.ActiveCfg = Debug|x64
		{18A9F2E9-2AF8-4FCB-9014-65A5B1C5BE22}.Release|Any CPU.ActiveCfg = Release|Any CPU
		{18A9F2E9-2AF8-4FCB-9014-65A5B1C5BE22}.Release|x64.ActiveCfg = Release|x64
		{18A9F2E9-2AF8-4FCB-9014-65A5B1C5BE22}.ReleaseBuild|Any CPU.ActiveCfg = ReleaseBuild|Any CPU
		{18A9F2E9-2AF8-4FCB-9014-65A5B1C5BE22}.ReleaseBuild|x64.ActiveCfg = ReleaseBuild|x64
		{3DFA1744-309E-4684-BEAB-FA3349FFA5CB}.Debug|Any CPU.ActiveCfg = Debug|Any CPU
		{3DFA1744-309E-4684-BEAB-FA3349FFA5CB}.Debug|Any CPU.Build.0 = Debug|Any CPU
		{3DFA1744-309E-4684-BEAB-FA3349FFA5CB}.Debug|x64.ActiveCfg = Debug|x64
		{3DFA1744-309E-4684-BEAB-FA3349FFA5CB}.Release|Any CPU.ActiveCfg = Release|Any CPU
		{3DFA1744-309E-4684-BEAB-FA3349FFA5CB}.Release|x64.ActiveCfg = Release|x64
		{3DFA1744-309E-4684-BEAB-FA3349FFA5CB}.ReleaseBuild|Any CPU.ActiveCfg = ReleaseBuild|Any CPU
		{3DFA1744-309E-4684-BEAB-FA3349FFA5CB}.ReleaseBuild|x64.ActiveCfg = ReleaseBuild|x64
		{5057EEA3-0EC6-4504-9FC5-245CD985E9C0}.Debug|Any CPU.ActiveCfg = Debug|Any CPU
		{5057EEA3-0EC6-4504-9FC5-245CD985E9C0}.Debug|Any CPU.Build.0 = Debug|Any CPU
		{5057EEA3-0EC6-4504-9FC5-245CD985E9C0}.Debug|x64.ActiveCfg = Debug|x64
		{5057EEA3-0EC6-4504-9FC5-245CD985E9C0}.Release|Any CPU.ActiveCfg = Release|Any CPU
		{5057EEA3-0EC6-4504-9FC5-245CD985E9C0}.Release|x64.ActiveCfg = Release|x64
		{5057EEA3-0EC6-4504-9FC5-245CD985E9C0}.ReleaseBuild|Any CPU.ActiveCfg = ReleaseBuild|Any CPU
		{5057EEA3-0EC6-4504-9FC5-245CD985E9C0}.ReleaseBuild|x64.ActiveCfg = ReleaseBuild|x64
		{9A339C3D-011E-4DC0-A8FE-37071EE0A0A2}.Debug|Any CPU.ActiveCfg = Debug|Any CPU
		{9A339C3D-011E-4DC0-A8FE-37071EE0A0A2}.Debug|Any CPU.Build.0 = Debug|Any CPU
		{9A339C3D-011E-4DC0-A8FE-37071EE0A0A2}.Debug|x64.ActiveCfg = Debug|x64
		{9A339C3D-011E-4DC0-A8FE-37071EE0A0A2}.Debug|x64.Build.0 = Debug|x64
		{9A339C3D-011E-4DC0-A8FE-37071EE0A0A2}.Release|Any CPU.ActiveCfg = Release|Any CPU
		{9A339C3D-011E-4DC0-A8FE-37071EE0A0A2}.Release|Any CPU.Build.0 = Release|Any CPU
		{9A339C3D-011E-4DC0-A8FE-37071EE0A0A2}.Release|x64.ActiveCfg = Release|x64
		{9A339C3D-011E-4DC0-A8FE-37071EE0A0A2}.Release|x64.Build.0 = Release|x64
		{9A339C3D-011E-4DC0-A8FE-37071EE0A0A2}.ReleaseBuild|Any CPU.ActiveCfg = ReleaseBuild|Any CPU
		{9A339C3D-011E-4DC0-A8FE-37071EE0A0A2}.ReleaseBuild|x64.ActiveCfg = ReleaseBuild|x64
		{9A339C3D-011E-4DC0-A8FE-37071EE0A0A2}.ReleaseBuild|x64.Build.0 = ReleaseBuild|x64
		{2F400FB2-2202-47AF-851A-8A8415550974}.Debug|Any CPU.ActiveCfg = Debug|Any CPU
		{2F400FB2-2202-47AF-851A-8A8415550974}.Debug|Any CPU.Build.0 = Debug|Any CPU
		{2F400FB2-2202-47AF-851A-8A8415550974}.Debug|x64.ActiveCfg = Debug|x64
		{2F400FB2-2202-47AF-851A-8A8415550974}.Debug|x64.Build.0 = Debug|x64
		{2F400FB2-2202-47AF-851A-8A8415550974}.Release|Any CPU.ActiveCfg = Release|Any CPU
		{2F400FB2-2202-47AF-851A-8A8415550974}.Release|Any CPU.Build.0 = Release|Any CPU
		{2F400FB2-2202-47AF-851A-8A8415550974}.Release|x64.ActiveCfg = Release|x64
		{2F400FB2-2202-47AF-851A-8A8415550974}.Release|x64.Build.0 = Release|x64
		{2F400FB2-2202-47AF-851A-8A8415550974}.ReleaseBuild|Any CPU.ActiveCfg = ReleaseBuild|Any CPU
		{2F400FB2-2202-47AF-851A-8A8415550974}.ReleaseBuild|x64.ActiveCfg = ReleaseBuild|x64
		{2F400FB2-2202-47AF-851A-8A8415550974}.ReleaseBuild|x64.Build.0 = ReleaseBuild|x64
		{CF2876C4-3FF4-4F09-9578-0ACC9F5DA8D8}.Debug|Any CPU.ActiveCfg = Debug|Any CPU
		{CF2876C4-3FF4-4F09-9578-0ACC9F5DA8D8}.Debug|Any CPU.Build.0 = Debug|Any CPU
		{CF2876C4-3FF4-4F09-9578-0ACC9F5DA8D8}.Debug|x64.ActiveCfg = Debug|x64
		{CF2876C4-3FF4-4F09-9578-0ACC9F5DA8D8}.Debug|x64.Build.0 = Debug|x64
		{CF2876C4-3FF4-4F09-9578-0ACC9F5DA8D8}.Release|Any CPU.ActiveCfg = Release|Any CPU
		{CF2876C4-3FF4-4F09-9578-0ACC9F5DA8D8}.Release|Any CPU.Build.0 = Release|Any CPU
		{CF2876C4-3FF4-4F09-9578-0ACC9F5DA8D8}.Release|x64.ActiveCfg = Release|x64
		{CF2876C4-3FF4-4F09-9578-0ACC9F5DA8D8}.Release|x64.Build.0 = Release|x64
		{CF2876C4-3FF4-4F09-9578-0ACC9F5DA8D8}.ReleaseBuild|Any CPU.ActiveCfg = ReleaseBuild|Any CPU
		{CF2876C4-3FF4-4F09-9578-0ACC9F5DA8D8}.ReleaseBuild|x64.ActiveCfg = ReleaseBuild|x64
		{CF2876C4-3FF4-4F09-9578-0ACC9F5DA8D8}.ReleaseBuild|x64.Build.0 = ReleaseBuild|x64
		{8A5F4AAF-4767-402C-862F-5A20DAEFF849}.Debug|Any CPU.ActiveCfg = Debug|Any CPU
		{8A5F4AAF-4767-402C-862F-5A20DAEFF849}.Debug|Any CPU.Build.0 = Debug|Any CPU
		{8A5F4AAF-4767-402C-862F-5A20DAEFF849}.Debug|x64.ActiveCfg = Debug|x64
		{8A5F4AAF-4767-402C-862F-5A20DAEFF849}.Debug|x64.Build.0 = Debug|x64
		{8A5F4AAF-4767-402C-862F-5A20DAEFF849}.Release|Any CPU.ActiveCfg = Release|Any CPU
		{8A5F4AAF-4767-402C-862F-5A20DAEFF849}.Release|Any CPU.Build.0 = Release|Any CPU
		{8A5F4AAF-4767-402C-862F-5A20DAEFF849}.Release|x64.ActiveCfg = Release|x64
		{8A5F4AAF-4767-402C-862F-5A20DAEFF849}.Release|x64.Build.0 = Release|x64
		{8A5F4AAF-4767-402C-862F-5A20DAEFF849}.ReleaseBuild|Any CPU.ActiveCfg = Release|Any CPU
		{8A5F4AAF-4767-402C-862F-5A20DAEFF849}.ReleaseBuild|x64.ActiveCfg = Release|x64
		{8A5F4AAF-4767-402C-862F-5A20DAEFF849}.ReleaseBuild|x64.Build.0 = Release|x64
		{BE7F8273-1D1B-4A6D-9748-35F50D025D3E}.Debug|Any CPU.ActiveCfg = Debug|Any CPU
		{BE7F8273-1D1B-4A6D-9748-35F50D025D3E}.Debug|Any CPU.Build.0 = Debug|Any CPU
		{BE7F8273-1D1B-4A6D-9748-35F50D025D3E}.Debug|x64.ActiveCfg = Debug|Any CPU
		{BE7F8273-1D1B-4A6D-9748-35F50D025D3E}.Debug|x64.Build.0 = Debug|Any CPU
		{BE7F8273-1D1B-4A6D-9748-35F50D025D3E}.Release|Any CPU.ActiveCfg = Release|Any CPU
		{BE7F8273-1D1B-4A6D-9748-35F50D025D3E}.Release|Any CPU.Build.0 = Release|Any CPU
		{BE7F8273-1D1B-4A6D-9748-35F50D025D3E}.Release|x64.ActiveCfg = Release|Any CPU
		{BE7F8273-1D1B-4A6D-9748-35F50D025D3E}.Release|x64.Build.0 = Release|Any CPU
		{BE7F8273-1D1B-4A6D-9748-35F50D025D3E}.ReleaseBuild|Any CPU.ActiveCfg = Release|Any CPU
		{BE7F8273-1D1B-4A6D-9748-35F50D025D3E}.ReleaseBuild|Any CPU.Build.0 = Release|Any CPU
		{BE7F8273-1D1B-4A6D-9748-35F50D025D3E}.ReleaseBuild|x64.ActiveCfg = Release|Any CPU
		{BE7F8273-1D1B-4A6D-9748-35F50D025D3E}.ReleaseBuild|x64.Build.0 = Release|Any CPU
	EndGlobalSection
	GlobalSection(SolutionProperties) = preSolution
		HideSolutionNode = FALSE
	EndGlobalSection
	GlobalSection(NestedProjects) = preSolution
		{0D9F9B8C-9729-4B49-B32A-603A6ED39383} = {69282BE1-FF39-45BA-86FB-A970065F6FCC}
		{5FA0FB0A-C38B-4A3B-B590-87AB07B6167B} = {3966CF87-7965-441C-95E7-3EEAA62972D4}
		{DAA9FC23-2E62-40AE-9D03-2E9A6768670B} = {3966CF87-7965-441C-95E7-3EEAA62972D4}
		{18A9F2E9-2AF8-4FCB-9014-65A5B1C5BE22} = {DAA9FC23-2E62-40AE-9D03-2E9A6768670B}
		{3DFA1744-309E-4684-BEAB-FA3349FFA5CB} = {DAA9FC23-2E62-40AE-9D03-2E9A6768670B}
		{5057EEA3-0EC6-4504-9FC5-245CD985E9C0} = {DAA9FC23-2E62-40AE-9D03-2E9A6768670B}
		{D2CB46B1-3982-4751-B55F-8E59E57C64F5} = {3966CF87-7965-441C-95E7-3EEAA62972D4}
		{9A339C3D-011E-4DC0-A8FE-37071EE0A0A2} = {D2CB46B1-3982-4751-B55F-8E59E57C64F5}
		{2F400FB2-2202-47AF-851A-8A8415550974} = {D2CB46B1-3982-4751-B55F-8E59E57C64F5}
		{CF2876C4-3FF4-4F09-9578-0ACC9F5DA8D8} = {D2CB46B1-3982-4751-B55F-8E59E57C64F5}
		{8A5F4AAF-4767-402C-862F-5A20DAEFF849} = {69282BE1-FF39-45BA-86FB-A970065F6FCC}
		{BE7F8273-1D1B-4A6D-9748-35F50D025D3E} = {69282BE1-FF39-45BA-86FB-A970065F6FCC}
	EndGlobalSection
	GlobalSection(ExtensibilityGlobals) = postSolution
		SolutionGuid = {C961F9F0-5891-4A42-9867-E41C3C6ED0DA}
	EndGlobalSection
EndGlobal
