
Microsoft Visual Studio Solution File, Format Version 12.00
# Visual Studio 15
VisualStudioVersion = 15.0.28010.2036
MinimumVisualStudioVersion = 10.0.40219.1
Project("{FAE04EC0-301F-11D3-BF4B-00C04F79EFBC}") = "NetSocket", "NetSocket\NetSocket.csproj", "{220E4B17-01B5-474E-91FC-64116E928F5B}"
EndProject
Project("{FAE04EC0-301F-11D3-BF4B-00C04F79EFBC}") = "Fluffy.Net", "FluffySock.Net\Fluffy.Net.csproj", "{E945D22D-E811-4AE0-B021-6D3A7F9FA55C}"
EndProject
Project("{FAE04EC0-301F-11D3-BF4B-00C04F79EFBC}") = "Fluffy.IO", "Fluffy.IO\Fluffy.IO.csproj", "{BD4B8F33-E100-422E-866D-779A4B38D2F8}"
EndProject
Project("{2150E333-8FDC-42A3-9474-1A3956D46DE8}") = "Ext", "Ext", "{2A717D87-DC23-409B-8658-DBE0A7746859}"
EndProject
Project("{FAE04EC0-301F-11D3-BF4B-00C04F79EFBC}") = "BoostedLib.IO", "..\..\Repos\the-gemini-project\Libraries\BoostedLib\BoostedLib.IO\BoostedLib.IO.csproj", "{326178FB-3866-40E5-90D3-10BF23F03043}"
EndProject
Project("{FAE04EC0-301F-11D3-BF4B-00C04F79EFBC}") = "BoostedLib", "..\..\Repos\the-gemini-project\Libraries\BoostedLib\BoostedLib\BoostedLib.csproj", "{FCD4C060-877B-44E3-9E94-CE4368486DFC}"
EndProject
Project("{FAE04EC0-301F-11D3-BF4B-00C04F79EFBC}") = "Fluffy.Tests", "Fluffy.Tests\Fluffy.Tests.csproj", "{F6A4B93C-1E03-469D-BB7A-3E898EA03160}"
EndProject
Global
	GlobalSection(SolutionConfigurationPlatforms) = preSolution
		Debug|Any CPU = Debug|Any CPU
		Release|Any CPU = Release|Any CPU
	EndGlobalSection
	GlobalSection(ProjectConfigurationPlatforms) = postSolution
		{220E4B17-01B5-474E-91FC-64116E928F5B}.Debug|Any CPU.ActiveCfg = Debug|Any CPU
		{220E4B17-01B5-474E-91FC-64116E928F5B}.Debug|Any CPU.Build.0 = Debug|Any CPU
		{220E4B17-01B5-474E-91FC-64116E928F5B}.Release|Any CPU.ActiveCfg = Release|Any CPU
		{220E4B17-01B5-474E-91FC-64116E928F5B}.Release|Any CPU.Build.0 = Release|Any CPU
		{E945D22D-E811-4AE0-B021-6D3A7F9FA55C}.Debug|Any CPU.ActiveCfg = Debug|Any CPU
		{E945D22D-E811-4AE0-B021-6D3A7F9FA55C}.Debug|Any CPU.Build.0 = Debug|Any CPU
		{E945D22D-E811-4AE0-B021-6D3A7F9FA55C}.Release|Any CPU.ActiveCfg = Release|Any CPU
		{E945D22D-E811-4AE0-B021-6D3A7F9FA55C}.Release|Any CPU.Build.0 = Release|Any CPU
		{BD4B8F33-E100-422E-866D-779A4B38D2F8}.Debug|Any CPU.ActiveCfg = Debug|Any CPU
		{BD4B8F33-E100-422E-866D-779A4B38D2F8}.Debug|Any CPU.Build.0 = Debug|Any CPU
		{BD4B8F33-E100-422E-866D-779A4B38D2F8}.Release|Any CPU.ActiveCfg = Release|Any CPU
		{BD4B8F33-E100-422E-866D-779A4B38D2F8}.Release|Any CPU.Build.0 = Release|Any CPU
		{326178FB-3866-40E5-90D3-10BF23F03043}.Debug|Any CPU.ActiveCfg = Debug|Any CPU
		{326178FB-3866-40E5-90D3-10BF23F03043}.Debug|Any CPU.Build.0 = Debug|Any CPU
		{326178FB-3866-40E5-90D3-10BF23F03043}.Release|Any CPU.ActiveCfg = Release|Any CPU
		{326178FB-3866-40E5-90D3-10BF23F03043}.Release|Any CPU.Build.0 = Release|Any CPU
		{FCD4C060-877B-44E3-9E94-CE4368486DFC}.Debug|Any CPU.ActiveCfg = Debug|Any CPU
		{FCD4C060-877B-44E3-9E94-CE4368486DFC}.Debug|Any CPU.Build.0 = Debug|Any CPU
		{FCD4C060-877B-44E3-9E94-CE4368486DFC}.Release|Any CPU.ActiveCfg = Release|Any CPU
		{FCD4C060-877B-44E3-9E94-CE4368486DFC}.Release|Any CPU.Build.0 = Release|Any CPU
		{F6A4B93C-1E03-469D-BB7A-3E898EA03160}.Debug|Any CPU.ActiveCfg = Debug|Any CPU
		{F6A4B93C-1E03-469D-BB7A-3E898EA03160}.Debug|Any CPU.Build.0 = Debug|Any CPU
		{F6A4B93C-1E03-469D-BB7A-3E898EA03160}.Release|Any CPU.ActiveCfg = Release|Any CPU
		{F6A4B93C-1E03-469D-BB7A-3E898EA03160}.Release|Any CPU.Build.0 = Release|Any CPU
	EndGlobalSection
	GlobalSection(SolutionProperties) = preSolution
		HideSolutionNode = FALSE
	EndGlobalSection
	GlobalSection(NestedProjects) = preSolution
		{326178FB-3866-40E5-90D3-10BF23F03043} = {2A717D87-DC23-409B-8658-DBE0A7746859}
		{FCD4C060-877B-44E3-9E94-CE4368486DFC} = {2A717D87-DC23-409B-8658-DBE0A7746859}
	EndGlobalSection
	GlobalSection(ExtensibilityGlobals) = postSolution
		SolutionGuid = {C961F9F0-5891-4A42-9867-E41C3C6ED0DA}
	EndGlobalSection
EndGlobal
